
Microsoft Visual Studio Solution File, Format Version 12.00
# Visual Studio 2013
VisualStudioVersion = 12.0.40629.0
MinimumVisualStudioVersion = 10.0.40219.1
Project("{FAE04EC0-301F-11D3-BF4B-00C04F79EFBC}") = "MockScadaServerService", "MockScadaServerService\MockScadaServerService.csproj", "{B2320D9C-ACA0-4A3E-A517-6C030A28D242}"
EndProject
Project("{FAE04EC0-301F-11D3-BF4B-00C04F79EFBC}") = "MockScadaServerServiceHost", "MockScadaServerServiceHost\MockScadaServerServiceHost.csproj", "{5F7FF76D-877F-4717-9131-74DD0E984684}"
	ProjectSection(ProjectDependencies) = postProject
		{B2320D9C-ACA0-4A3E-A517-6C030A28D242} = {B2320D9C-ACA0-4A3E-A517-6C030A28D242}
	EndProjectSection
EndProject
Global
	GlobalSection(SolutionConfigurationPlatforms) = preSolution
		Debug|Any CPU = Debug|Any CPU
		Release|Any CPU = Release|Any CPU
	EndGlobalSection
	GlobalSection(ProjectConfigurationPlatforms) = postSolution
		{B2320D9C-ACA0-4A3E-A517-6C030A28D242}.Debug|Any CPU.ActiveCfg = Debug|Any CPU
		{B2320D9C-ACA0-4A3E-A517-6C030A28D242}.Debug|Any CPU.Build.0 = Debug|Any CPU
		{B2320D9C-ACA0-4A3E-A517-6C030A28D242}.Release|Any CPU.ActiveCfg = Release|Any CPU
		{B2320D9C-ACA0-4A3E-A517-6C030A28D242}.Release|Any CPU.Build.0 = Release|Any CPU
		{5F7FF76D-877F-4717-9131-74DD0E984684}.Debug|Any CPU.ActiveCfg = Debug|Any CPU
		{5F7FF76D-877F-4717-9131-74DD0E984684}.Debug|Any CPU.Build.0 = Debug|Any CPU
		{5F7FF76D-877F-4717-9131-74DD0E984684}.Release|Any CPU.ActiveCfg = Release|Any CPU
		{5F7FF76D-877F-4717-9131-74DD0E984684}.Release|Any CPU.Build.0 = Release|Any CPU
	EndGlobalSection
	GlobalSection(SolutionProperties) = preSolution
		HideSolutionNode = FALSE
	EndGlobalSection
EndGlobal
